
Microsoft Visual Studio Solution File, Format Version 12.00
# Visual Studio Version 17
VisualStudioVersion = 17.7.34202.233
MinimumVisualStudioVersion = 10.0.40219.1
Project("{9A19103F-16F7-4668-BE54-9A1E7A4F7556}") = "FlightManagement-API.Api", "FlightManagement-API\FlightManagement-API.Api.csproj", "{6F8591AB-2DB9-476F-9868-0699F3965183}"
EndProject
Project("{2150E333-8FDC-42A3-9474-1A3956D46DE8}") = "Presentation", "Presentation", "{2BF44AC3-5E33-4B9C-97AB-F4E4C3B63ADA}"
EndProject
Project("{2150E333-8FDC-42A3-9474-1A3956D46DE8}") = "Infrastructure", "Infrastructure", "{B06AD8D1-692A-47C3-921D-1ACA1548415F}"
EndProject
Project("{2150E333-8FDC-42A3-9474-1A3956D46DE8}") = "Core", "Core", "{4D844349-7EEA-47BC-B7C8-3E2F51C56A60}"
EndProject
Project("{9A19103F-16F7-4668-BE54-9A1E7A4F7556}") = "FlightManagement-API.Infrastructure", "FlightManagement-API.Infrastucture\FlightManagement-API.Infrastructure.csproj", "{B37E0513-155D-4417-A875-5E90A43B2CC9}"
EndProject
Project("{9A19103F-16F7-4668-BE54-9A1E7A4F7556}") = "FlightManagement-API.Persistence", "FlightManagement-API.Persistence\FlightManagement-API.Persistence.csproj", "{C4308535-EFBD-4169-B7E0-DAB9157CC0EE}"
EndProject
Project("{9A19103F-16F7-4668-BE54-9A1E7A4F7556}") = "FlightManagement-API.Domain", "FlightManagement-API.Domain\FlightManagement-API.Domain.csproj", "{5ECBF891-EB79-415A-8F53-4AFF209B74FB}"
EndProject
Project("{9A19103F-16F7-4668-BE54-9A1E7A4F7556}") = "FlightManagement-API.Common", "FlightManagement-API.Common\FlightManagement-API.Common.csproj", "{A157AF4A-3049-4EC3-A095-0B12A28FED0B}"
EndProject
Project("{9A19103F-16F7-4668-BE54-9A1E7A4F7556}") = "FlightManagement-API.Application", "FlightManagement-API.Application\FlightManagement-API.Application.csproj", "{21071489-BEE5-4ADC-91CC-18292C42E74B}"
EndProject
Global
	GlobalSection(SolutionConfigurationPlatforms) = preSolution
		Debug|Any CPU = Debug|Any CPU
		Release|Any CPU = Release|Any CPU
	EndGlobalSection
	GlobalSection(ProjectConfigurationPlatforms) = postSolution
		{6F8591AB-2DB9-476F-9868-0699F3965183}.Debug|Any CPU.ActiveCfg = Debug|Any CPU
		{6F8591AB-2DB9-476F-9868-0699F3965183}.Debug|Any CPU.Build.0 = Debug|Any CPU
		{6F8591AB-2DB9-476F-9868-0699F3965183}.Release|Any CPU.ActiveCfg = Release|Any CPU
		{6F8591AB-2DB9-476F-9868-0699F3965183}.Release|Any CPU.Build.0 = Release|Any CPU
		{B37E0513-155D-4417-A875-5E90A43B2CC9}.Debug|Any CPU.ActiveCfg = Debug|Any CPU
		{B37E0513-155D-4417-A875-5E90A43B2CC9}.Debug|Any CPU.Build.0 = Debug|Any CPU
		{B37E0513-155D-4417-A875-5E90A43B2CC9}.Release|Any CPU.ActiveCfg = Release|Any CPU
		{B37E0513-155D-4417-A875-5E90A43B2CC9}.Release|Any CPU.Build.0 = Release|Any CPU
		{C4308535-EFBD-4169-B7E0-DAB9157CC0EE}.Debug|Any CPU.ActiveCfg = Debug|Any CPU
		{C4308535-EFBD-4169-B7E0-DAB9157CC0EE}.Debug|Any CPU.Build.0 = Debug|Any CPU
		{C4308535-EFBD-4169-B7E0-DAB9157CC0EE}.Release|Any CPU.ActiveCfg = Release|Any CPU
		{C4308535-EFBD-4169-B7E0-DAB9157CC0EE}.Release|Any CPU.Build.0 = Release|Any CPU
		{5ECBF891-EB79-415A-8F53-4AFF209B74FB}.Debug|Any CPU.ActiveCfg = Debug|Any CPU
		{5ECBF891-EB79-415A-8F53-4AFF209B74FB}.Debug|Any CPU.Build.0 = Debug|Any CPU
		{5ECBF891-EB79-415A-8F53-4AFF209B74FB}.Release|Any CPU.ActiveCfg = Release|Any CPU
		{5ECBF891-EB79-415A-8F53-4AFF209B74FB}.Release|Any CPU.Build.0 = Release|Any CPU
		{A157AF4A-3049-4EC3-A095-0B12A28FED0B}.Debug|Any CPU.ActiveCfg = Debug|Any CPU
		{A157AF4A-3049-4EC3-A095-0B12A28FED0B}.Debug|Any CPU.Build.0 = Debug|Any CPU
		{A157AF4A-3049-4EC3-A095-0B12A28FED0B}.Release|Any CPU.ActiveCfg = Release|Any CPU
		{A157AF4A-3049-4EC3-A095-0B12A28FED0B}.Release|Any CPU.Build.0 = Release|Any CPU
		{21071489-BEE5-4ADC-91CC-18292C42E74B}.Debug|Any CPU.ActiveCfg = Debug|Any CPU
		{21071489-BEE5-4ADC-91CC-18292C42E74B}.Debug|Any CPU.Build.0 = Debug|Any CPU
		{21071489-BEE5-4ADC-91CC-18292C42E74B}.Release|Any CPU.ActiveCfg = Release|Any CPU
		{21071489-BEE5-4ADC-91CC-18292C42E74B}.Release|Any CPU.Build.0 = Release|Any CPU
	EndGlobalSection
	GlobalSection(SolutionProperties) = preSolution
		HideSolutionNode = FALSE
	EndGlobalSection
	GlobalSection(NestedProjects) = preSolution
		{6F8591AB-2DB9-476F-9868-0699F3965183} = {2BF44AC3-5E33-4B9C-97AB-F4E4C3B63ADA}
		{B37E0513-155D-4417-A875-5E90A43B2CC9} = {B06AD8D1-692A-47C3-921D-1ACA1548415F}
		{C4308535-EFBD-4169-B7E0-DAB9157CC0EE} = {B06AD8D1-692A-47C3-921D-1ACA1548415F}
		{5ECBF891-EB79-415A-8F53-4AFF209B74FB} = {4D844349-7EEA-47BC-B7C8-3E2F51C56A60}
		{A157AF4A-3049-4EC3-A095-0B12A28FED0B} = {4D844349-7EEA-47BC-B7C8-3E2F51C56A60}
		{21071489-BEE5-4ADC-91CC-18292C42E74B} = {4D844349-7EEA-47BC-B7C8-3E2F51C56A60}
	EndGlobalSection
	GlobalSection(ExtensibilityGlobals) = postSolution
		SolutionGuid = {C8A9B9E1-B4FF-47B6-B4C5-B77B4B5BE92C}
	EndGlobalSection
EndGlobal
